<Solution>
  <Folder Name="/MeetingFlow.ClientServer/">
    <Project Path="MeetingFlow.ClientServer/MeetingFlow.Api/MeetingFlow.Api.csproj" />
  </Folder>
  <Project Path="MeetingFlow.Monolith/MeetingFlow.Monolith.csproj" />
  <Folder Name="/MeetingFlow.Microservices/">
    <Project Path="MeetingFlow.Microservices/src/Gateway/Gateway.csproj" />
    <Project Path="MeetingFlow.Microservices/src/Managers/MeetingsManager/MeetingsManager.csproj" />
    <Project Path="MeetingFlow.Microservices/src/Managers/RegistrationsManager/RegistrationsManager.csproj" />
    <Project Path="MeetingFlow.Microservices/src/Engines/SchedulingEngine/SchedulingEngine.csproj" />
    <Project Path="MeetingFlow.Microservices/src/Accessors/DataAccessor/DataAccessor.csproj" />
    <Project Path="MeetingFlow.Microservices/src/Accessors/NotificationsAccessor/NotificationsAccessor.csproj" />
  </Folder>
</Solution>
